
Microsoft Visual Studio Solution File, Format Version 12.00
# Visual Studio Version 16
VisualStudioVersion = 16.0.31025.194
MinimumVisualStudioVersion = 10.0.40219.1
Project("{FAE04EC0-301F-11D3-BF4B-00C04F79EFBC}") = "Tienda.api", "Tienda.api.csproj", "{49A00AC5-4A4B-4121-B893-F0B64E1F99C9}"
EndProject
Project("{FAE04EC0-301F-11D3-BF4B-00C04F79EFBC}") = "Tienda.core", "..\Tienda.core\Tienda.core.csproj", "{FA93304A-F0C4-4887-9B0A-A26C65DF0453}"
EndProject
Project("{FAE04EC0-301F-11D3-BF4B-00C04F79EFBC}") = "Tienda.infrec", "..\Tienda.infrec\Tienda.infrec.csproj", "{88132D8C-4E54-483D-980F-91882D142141}"
EndProject
Global
	GlobalSection(SolutionConfigurationPlatforms) = preSolution
		Debug|Any CPU = Debug|Any CPU
		Release|Any CPU = Release|Any CPU
	EndGlobalSection
	GlobalSection(ProjectConfigurationPlatforms) = postSolution
		{49A00AC5-4A4B-4121-B893-F0B64E1F99C9}.Debug|Any CPU.ActiveCfg = Debug|Any CPU
		{49A00AC5-4A4B-4121-B893-F0B64E1F99C9}.Debug|Any CPU.Build.0 = Debug|Any CPU
		{49A00AC5-4A4B-4121-B893-F0B64E1F99C9}.Release|Any CPU.ActiveCfg = Release|Any CPU
		{49A00AC5-4A4B-4121-B893-F0B64E1F99C9}.Release|Any CPU.Build.0 = Release|Any CPU
		{FA93304A-F0C4-4887-9B0A-A26C65DF0453}.Debug|Any CPU.ActiveCfg = Debug|Any CPU
		{FA93304A-F0C4-4887-9B0A-A26C65DF0453}.Debug|Any CPU.Build.0 = Debug|Any CPU
		{FA93304A-F0C4-4887-9B0A-A26C65DF0453}.Release|Any CPU.ActiveCfg = Release|Any CPU
		{FA93304A-F0C4-4887-9B0A-A26C65DF0453}.Release|Any CPU.Build.0 = Release|Any CPU
		{88132D8C-4E54-483D-980F-91882D142141}.Debug|Any CPU.ActiveCfg = Debug|Any CPU
		{88132D8C-4E54-483D-980F-91882D142141}.Debug|Any CPU.Build.0 = Debug|Any CPU
		{88132D8C-4E54-483D-980F-91882D142141}.Release|Any CPU.ActiveCfg = Release|Any CPU
		{88132D8C-4E54-483D-980F-91882D142141}.Release|Any CPU.Build.0 = Release|Any CPU
	EndGlobalSection
	GlobalSection(SolutionProperties) = preSolution
		HideSolutionNode = FALSE
	EndGlobalSection
	GlobalSection(ExtensibilityGlobals) = postSolution
		SolutionGuid = {A919E260-A15F-494D-AA17-C0847236F3E4}
	EndGlobalSection
EndGlobal
